
Microsoft Visual Studio Solution File, Format Version 12.00
# Visual Studio Version 16
VisualStudioVersion = 16.0.810.9
MinimumVisualStudioVersion = 10.0.40219.1
Project("{FAE04EC0-301F-11D3-BF4B-00C04F79EFBC}") = "BlazorConnect4", "BlazorConnect4.csproj", "{8A09A102-84A6-4CAE-AAE9-1B8D2E764A84}"
EndProject
Global
	GlobalSection(SolutionConfigurationPlatforms) = preSolution
		Debug|Any CPU = Debug|Any CPU
		Release|Any CPU = Release|Any CPU
	EndGlobalSection
	GlobalSection(ProjectConfigurationPlatforms) = postSolution
		{8A09A102-84A6-4CAE-AAE9-1B8D2E764A84}.Debug|Any CPU.ActiveCfg = Debug|Any CPU
		{8A09A102-84A6-4CAE-AAE9-1B8D2E764A84}.Debug|Any CPU.Build.0 = Debug|Any CPU
		{8A09A102-84A6-4CAE-AAE9-1B8D2E764A84}.Release|Any CPU.ActiveCfg = Release|Any CPU
		{8A09A102-84A6-4CAE-AAE9-1B8D2E764A84}.Release|Any CPU.Build.0 = Release|Any CPU
	EndGlobalSection
	GlobalSection(SolutionProperties) = preSolution
		HideSolutionNode = FALSE
	EndGlobalSection
	GlobalSection(ExtensibilityGlobals) = postSolution
		SolutionGuid = {B83C51F2-0C59-48E7-A7AD-8A961C90A140}
	EndGlobalSection
EndGlobal
